
Microsoft Visual Studio Solution File, Format Version 12.00
# Visual Studio 15
VisualStudioVersion = 15.0.26124.0
MinimumVisualStudioVersion = 15.0.26124.0
Project("{2150E333-8FDC-42A3-9474-1A3956D46DE8}") = "src", "src", "{FC2FC44B-E674-40D0-9F6E-C41408602A17}"
EndProject
Project("{FAE04EC0-301F-11D3-BF4B-00C04F79EFBC}") = "actio.api", "src\actio.api\actio.api.csproj", "{FAEA5C98-76ED-4F64-871E-012FF8923F7A}"
EndProject
Project("{FAE04EC0-301F-11D3-BF4B-00C04F79EFBC}") = "Actio.Shared", "src\Actio.Shared\Actio.Shared.csproj", "{7133BA75-3ABE-4EBA-B1F2-9F1B8186F44A}"
EndProject
Project("{FAE04EC0-301F-11D3-BF4B-00C04F79EFBC}") = "Actio.Services.Identity", "src\Actio.Services.Identity\Actio.Services.Identity.csproj", "{B8C2224F-FD1E-4890-B046-36EF489FADC2}"
EndProject
Project("{FAE04EC0-301F-11D3-BF4B-00C04F79EFBC}") = "Actio.Services.Activities", "src\Actio.Services.Activities\Actio.Services.Activities.csproj", "{18FA7F5B-7A22-4296-93F1-D9CC2F82F19D}"
EndProject
Global
	GlobalSection(SolutionConfigurationPlatforms) = preSolution
		Debug|Any CPU = Debug|Any CPU
		Debug|x64 = Debug|x64
		Debug|x86 = Debug|x86
		Release|Any CPU = Release|Any CPU
		Release|x64 = Release|x64
		Release|x86 = Release|x86
	EndGlobalSection
	GlobalSection(SolutionProperties) = preSolution
		HideSolutionNode = FALSE
	EndGlobalSection
	GlobalSection(ProjectConfigurationPlatforms) = postSolution
		{FAEA5C98-76ED-4F64-871E-012FF8923F7A}.Debug|Any CPU.ActiveCfg = Debug|Any CPU
		{FAEA5C98-76ED-4F64-871E-012FF8923F7A}.Debug|Any CPU.Build.0 = Debug|Any CPU
		{FAEA5C98-76ED-4F64-871E-012FF8923F7A}.Debug|x64.ActiveCfg = Debug|Any CPU
		{FAEA5C98-76ED-4F64-871E-012FF8923F7A}.Debug|x64.Build.0 = Debug|Any CPU
		{FAEA5C98-76ED-4F64-871E-012FF8923F7A}.Debug|x86.ActiveCfg = Debug|Any CPU
		{FAEA5C98-76ED-4F64-871E-012FF8923F7A}.Debug|x86.Build.0 = Debug|Any CPU
		{FAEA5C98-76ED-4F64-871E-012FF8923F7A}.Release|Any CPU.ActiveCfg = Release|Any CPU
		{FAEA5C98-76ED-4F64-871E-012FF8923F7A}.Release|Any CPU.Build.0 = Release|Any CPU
		{FAEA5C98-76ED-4F64-871E-012FF8923F7A}.Release|x64.ActiveCfg = Release|Any CPU
		{FAEA5C98-76ED-4F64-871E-012FF8923F7A}.Release|x64.Build.0 = Release|Any CPU
		{FAEA5C98-76ED-4F64-871E-012FF8923F7A}.Release|x86.ActiveCfg = Release|Any CPU
		{FAEA5C98-76ED-4F64-871E-012FF8923F7A}.Release|x86.Build.0 = Release|Any CPU
		{7133BA75-3ABE-4EBA-B1F2-9F1B8186F44A}.Debug|Any CPU.ActiveCfg = Debug|Any CPU
		{7133BA75-3ABE-4EBA-B1F2-9F1B8186F44A}.Debug|Any CPU.Build.0 = Debug|Any CPU
		{7133BA75-3ABE-4EBA-B1F2-9F1B8186F44A}.Debug|x64.ActiveCfg = Debug|Any CPU
		{7133BA75-3ABE-4EBA-B1F2-9F1B8186F44A}.Debug|x64.Build.0 = Debug|Any CPU
		{7133BA75-3ABE-4EBA-B1F2-9F1B8186F44A}.Debug|x86.ActiveCfg = Debug|Any CPU
		{7133BA75-3ABE-4EBA-B1F2-9F1B8186F44A}.Debug|x86.Build.0 = Debug|Any CPU
		{7133BA75-3ABE-4EBA-B1F2-9F1B8186F44A}.Release|Any CPU.ActiveCfg = Release|Any CPU
		{7133BA75-3ABE-4EBA-B1F2-9F1B8186F44A}.Release|Any CPU.Build.0 = Release|Any CPU
		{7133BA75-3ABE-4EBA-B1F2-9F1B8186F44A}.Release|x64.ActiveCfg = Release|Any CPU
		{7133BA75-3ABE-4EBA-B1F2-9F1B8186F44A}.Release|x64.Build.0 = Release|Any CPU
		{7133BA75-3ABE-4EBA-B1F2-9F1B8186F44A}.Release|x86.ActiveCfg = Release|Any CPU
		{7133BA75-3ABE-4EBA-B1F2-9F1B8186F44A}.Release|x86.Build.0 = Release|Any CPU
		{B8C2224F-FD1E-4890-B046-36EF489FADC2}.Debug|Any CPU.ActiveCfg = Debug|Any CPU
		{B8C2224F-FD1E-4890-B046-36EF489FADC2}.Debug|Any CPU.Build.0 = Debug|Any CPU
		{B8C2224F-FD1E-4890-B046-36EF489FADC2}.Debug|x64.ActiveCfg = Debug|Any CPU
		{B8C2224F-FD1E-4890-B046-36EF489FADC2}.Debug|x64.Build.0 = Debug|Any CPU
		{B8C2224F-FD1E-4890-B046-36EF489FADC2}.Debug|x86.ActiveCfg = Debug|Any CPU
		{B8C2224F-FD1E-4890-B046-36EF489FADC2}.Debug|x86.Build.0 = Debug|Any CPU
		{B8C2224F-FD1E-4890-B046-36EF489FADC2}.Release|Any CPU.ActiveCfg = Release|Any CPU
		{B8C2224F-FD1E-4890-B046-36EF489FADC2}.Release|Any CPU.Build.0 = Release|Any CPU
		{B8C2224F-FD1E-4890-B046-36EF489FADC2}.Release|x64.ActiveCfg = Release|Any CPU
		{B8C2224F-FD1E-4890-B046-36EF489FADC2}.Release|x64.Build.0 = Release|Any CPU
		{B8C2224F-FD1E-4890-B046-36EF489FADC2}.Release|x86.ActiveCfg = Release|Any CPU
		{B8C2224F-FD1E-4890-B046-36EF489FADC2}.Release|x86.Build.0 = Release|Any CPU
		{18FA7F5B-7A22-4296-93F1-D9CC2F82F19D}.Debug|Any CPU.ActiveCfg = Debug|Any CPU
		{18FA7F5B-7A22-4296-93F1-D9CC2F82F19D}.Debug|Any CPU.Build.0 = Debug|Any CPU
		{18FA7F5B-7A22-4296-93F1-D9CC2F82F19D}.Debug|x64.ActiveCfg = Debug|Any CPU
		{18FA7F5B-7A22-4296-93F1-D9CC2F82F19D}.Debug|x64.Build.0 = Debug|Any CPU
		{18FA7F5B-7A22-4296-93F1-D9CC2F82F19D}.Debug|x86.ActiveCfg = Debug|Any CPU
		{18FA7F5B-7A22-4296-93F1-D9CC2F82F19D}.Debug|x86.Build.0 = Debug|Any CPU
		{18FA7F5B-7A22-4296-93F1-D9CC2F82F19D}.Release|Any CPU.ActiveCfg = Release|Any CPU
		{18FA7F5B-7A22-4296-93F1-D9CC2F82F19D}.Release|Any CPU.Build.0 = Release|Any CPU
		{18FA7F5B-7A22-4296-93F1-D9CC2F82F19D}.Release|x64.ActiveCfg = Release|Any CPU
		{18FA7F5B-7A22-4296-93F1-D9CC2F82F19D}.Release|x64.Build.0 = Release|Any CPU
		{18FA7F5B-7A22-4296-93F1-D9CC2F82F19D}.Release|x86.ActiveCfg = Release|Any CPU
		{18FA7F5B-7A22-4296-93F1-D9CC2F82F19D}.Release|x86.Build.0 = Release|Any CPU
	EndGlobalSection
	GlobalSection(NestedProjects) = preSolution
		{FAEA5C98-76ED-4F64-871E-012FF8923F7A} = {FC2FC44B-E674-40D0-9F6E-C41408602A17}
		{7133BA75-3ABE-4EBA-B1F2-9F1B8186F44A} = {FC2FC44B-E674-40D0-9F6E-C41408602A17}
		{B8C2224F-FD1E-4890-B046-36EF489FADC2} = {FC2FC44B-E674-40D0-9F6E-C41408602A17}
		{18FA7F5B-7A22-4296-93F1-D9CC2F82F19D} = {FC2FC44B-E674-40D0-9F6E-C41408602A17}
	EndGlobalSection
EndGlobal
